
Microsoft Visual Studio Solution File, Format Version 12.00
# Visual Studio Version 17
VisualStudioVersion = 17.0.32014.148
MinimumVisualStudioVersion = 10.0.40219.1
Project("{8BC9CEB8-8B4A-11D0-8D11-00A0C91BC942}") = "GameServer", "GameServer\GameServer.vcxproj", "{E003977D-9E45-4C37-A565-A981AABD4C27}"
	ProjectSection(ProjectDependencies) = postProject
		{12646427-A883-4A1E-9648-BE9170F00B09} = {12646427-A883-4A1E-9648-BE9170F00B09}
		{8109AB64-86B5-40BA-A15A-C91E58E612D5} = {8109AB64-86B5-40BA-A15A-C91E58E612D5}
	EndProjectSection
EndProject
Project("{8BC9CEB8-8B4A-11D0-8D11-00A0C91BC942}") = "GameServerBase", "GameServerBase\GameServerBase.vcxproj", "{8109AB64-86B5-40BA-A15A-C91E58E612D5}"
EndProject
Project("{2150E333-8FDC-42A3-9474-1A3956D46DE8}") = "DOC", "DOC", "{897E8CD3-A7F8-45C9-8286-3C76BDE4B541}"
	ProjectSection(SolutionItems) = preProject
		게임서버.txt = 게임서버.txt
		설정.txt = 설정.txt
	EndProjectSection
EndProject
Project("{2150E333-8FDC-42A3-9474-1A3956D46DE8}") = "UI", "UI", "{DF1FD21C-4950-42E1-BDD0-20E78BD8C310}"
EndProject
Project("{8BC9CEB8-8B4A-11D0-8D11-00A0C91BC942}") = "GameServerUI", "GameServerUI\GameServerUI.vcxproj", "{3355E323-29E9-42AF-ACC1-8EA8A4A2707E}"
EndProject
Project("{8BC9CEB8-8B4A-11D0-8D11-00A0C91BC942}") = "GameServerNet", "GameServerNet\GameServerNet.vcxproj", "{12646427-A883-4A1E-9648-BE9170F00B09}"
	ProjectSection(ProjectDependencies) = postProject
		{8109AB64-86B5-40BA-A15A-C91E58E612D5} = {8109AB64-86B5-40BA-A15A-C91E58E612D5}
	EndProjectSection
EndProject
Project("{8BC9CEB8-8B4A-11D0-8D11-00A0C91BC942}") = "GameClient", "GameClient\GameClient.vcxproj", "{5F6C0C9B-F079-4319-8D0A-3926AED1F167}"
EndProject
Project("{8BC9CEB8-8B4A-11D0-8D11-00A0C91BC942}") = "PacketGenerator", "PacketGenerator\PacketGenerator.vcxproj", "{D467DE80-0F5B-4414-8514-14AD262EC3F9}"
	ProjectSection(ProjectDependencies) = postProject
		{12646427-A883-4A1E-9648-BE9170F00B09} = {12646427-A883-4A1E-9648-BE9170F00B09}
		{8109AB64-86B5-40BA-A15A-C91E58E612D5} = {8109AB64-86B5-40BA-A15A-C91E58E612D5}
	EndProjectSection
EndProject
Global
	GlobalSection(SolutionConfigurationPlatforms) = preSolution
		Debug|x64 = Debug|x64
		Debug|x86 = Debug|x86
		Release|x64 = Release|x64
		Release|x86 = Release|x86
	EndGlobalSection
	GlobalSection(ProjectConfigurationPlatforms) = postSolution
		{E003977D-9E45-4C37-A565-A981AABD4C27}.Debug|x64.ActiveCfg = Debug|x64
		{E003977D-9E45-4C37-A565-A981AABD4C27}.Debug|x64.Build.0 = Debug|x64
		{E003977D-9E45-4C37-A565-A981AABD4C27}.Debug|x86.ActiveCfg = Debug|Win32
		{E003977D-9E45-4C37-A565-A981AABD4C27}.Debug|x86.Build.0 = Debug|Win32
		{E003977D-9E45-4C37-A565-A981AABD4C27}.Release|x64.ActiveCfg = Release|x64
		{E003977D-9E45-4C37-A565-A981AABD4C27}.Release|x64.Build.0 = Release|x64
		{E003977D-9E45-4C37-A565-A981AABD4C27}.Release|x86.ActiveCfg = Release|Win32
		{E003977D-9E45-4C37-A565-A981AABD4C27}.Release|x86.Build.0 = Release|Win32
		{8109AB64-86B5-40BA-A15A-C91E58E612D5}.Debug|x64.ActiveCfg = Debug|x64
		{8109AB64-86B5-40BA-A15A-C91E58E612D5}.Debug|x64.Build.0 = Debug|x64
		{8109AB64-86B5-40BA-A15A-C91E58E612D5}.Debug|x86.ActiveCfg = Debug|Win32
		{8109AB64-86B5-40BA-A15A-C91E58E612D5}.Debug|x86.Build.0 = Debug|Win32
		{8109AB64-86B5-40BA-A15A-C91E58E612D5}.Release|x64.ActiveCfg = Release|x64
		{8109AB64-86B5-40BA-A15A-C91E58E612D5}.Release|x64.Build.0 = Release|x64
		{8109AB64-86B5-40BA-A15A-C91E58E612D5}.Release|x86.ActiveCfg = Release|Win32
		{8109AB64-86B5-40BA-A15A-C91E58E612D5}.Release|x86.Build.0 = Release|Win32
		{3355E323-29E9-42AF-ACC1-8EA8A4A2707E}.Debug|x64.ActiveCfg = Debug|x64
		{3355E323-29E9-42AF-ACC1-8EA8A4A2707E}.Debug|x64.Build.0 = Debug|x64
		{3355E323-29E9-42AF-ACC1-8EA8A4A2707E}.Debug|x86.ActiveCfg = Debug|Win32
		{3355E323-29E9-42AF-ACC1-8EA8A4A2707E}.Debug|x86.Build.0 = Debug|Win32
		{3355E323-29E9-42AF-ACC1-8EA8A4A2707E}.Release|x64.ActiveCfg = Release|x64
		{3355E323-29E9-42AF-ACC1-8EA8A4A2707E}.Release|x64.Build.0 = Release|x64
		{3355E323-29E9-42AF-ACC1-8EA8A4A2707E}.Release|x86.ActiveCfg = Release|Win32
		{3355E323-29E9-42AF-ACC1-8EA8A4A2707E}.Release|x86.Build.0 = Release|Win32
		{12646427-A883-4A1E-9648-BE9170F00B09}.Debug|x64.ActiveCfg = Debug|x64
		{12646427-A883-4A1E-9648-BE9170F00B09}.Debug|x64.Build.0 = Debug|x64
		{12646427-A883-4A1E-9648-BE9170F00B09}.Debug|x86.ActiveCfg = Debug|Win32
		{12646427-A883-4A1E-9648-BE9170F00B09}.Debug|x86.Build.0 = Debug|Win32
		{12646427-A883-4A1E-9648-BE9170F00B09}.Release|x64.ActiveCfg = Release|x64
		{12646427-A883-4A1E-9648-BE9170F00B09}.Release|x64.Build.0 = Release|x64
		{12646427-A883-4A1E-9648-BE9170F00B09}.Release|x86.ActiveCfg = Release|Win32
		{12646427-A883-4A1E-9648-BE9170F00B09}.Release|x86.Build.0 = Release|Win32
		{5F6C0C9B-F079-4319-8D0A-3926AED1F167}.Debug|x64.ActiveCfg = Debug|x64
		{5F6C0C9B-F079-4319-8D0A-3926AED1F167}.Debug|x64.Build.0 = Debug|x64
		{5F6C0C9B-F079-4319-8D0A-3926AED1F167}.Debug|x86.ActiveCfg = Debug|Win32
		{5F6C0C9B-F079-4319-8D0A-3926AED1F167}.Debug|x86.Build.0 = Debug|Win32
		{5F6C0C9B-F079-4319-8D0A-3926AED1F167}.Release|x64.ActiveCfg = Release|x64
		{5F6C0C9B-F079-4319-8D0A-3926AED1F167}.Release|x64.Build.0 = Release|x64
		{5F6C0C9B-F079-4319-8D0A-3926AED1F167}.Release|x86.ActiveCfg = Release|Win32
		{5F6C0C9B-F079-4319-8D0A-3926AED1F167}.Release|x86.Build.0 = Release|Win32
		{D467DE80-0F5B-4414-8514-14AD262EC3F9}.Debug|x64.ActiveCfg = Debug|x64
		{D467DE80-0F5B-4414-8514-14AD262EC3F9}.Debug|x64.Build.0 = Debug|x64
		{D467DE80-0F5B-4414-8514-14AD262EC3F9}.Debug|x86.ActiveCfg = Debug|Win32
		{D467DE80-0F5B-4414-8514-14AD262EC3F9}.Debug|x86.Build.0 = Debug|Win32
		{D467DE80-0F5B-4414-8514-14AD262EC3F9}.Release|x64.ActiveCfg = Release|x64
		{D467DE80-0F5B-4414-8514-14AD262EC3F9}.Release|x64.Build.0 = Release|x64
		{D467DE80-0F5B-4414-8514-14AD262EC3F9}.Release|x86.ActiveCfg = Release|Win32
		{D467DE80-0F5B-4414-8514-14AD262EC3F9}.Release|x86.Build.0 = Release|Win32
	EndGlobalSection
	GlobalSection(SolutionProperties) = preSolution
		HideSolutionNode = FALSE
	EndGlobalSection
	GlobalSection(NestedProjects) = preSolution
		{3355E323-29E9-42AF-ACC1-8EA8A4A2707E} = {DF1FD21C-4950-42E1-BDD0-20E78BD8C310}
	EndGlobalSection
	GlobalSection(ExtensibilityGlobals) = postSolution
		SolutionGuid = {F3C1DAFE-34C1-4351-840E-6624C734CFE1}
	EndGlobalSection
EndGlobal
