<?xml version="1.0" encoding="utf-8"?>
<Project ToolsVersion="4.0" xmlns="http://schemas.microsoft.com/developer/msbuild/2003">
  <ItemGroup>
    <ClInclude Include="pch.h">
      <Filter>pch</Filter>
    </ClInclude>
    <ClInclude Include="PacketConvertor.h">
      <Filter>Packet\Base</Filter>
    </ClInclude>
    <ClInclude Include="PacketDispatcher.h">
      <Filter>Packet\Base</Filter>
    </ClInclude>
    <ClInclude Include="PacketHeader.h">
      <Filter>Packet\Base</Filter>
    </ClInclude>
    <ClInclude Include="RegistHandlerToDispatcher.h">
      <Filter>Packet\Base</Filter>
    </ClInclude>
    <ClInclude Include="ServerSerializer.h">
      <Filter>Packet\Base</Filter>
    </ClInclude>
    <ClInclude Include="ClientToServer.h">
      <Filter>Packet\Content</Filter>
    </ClInclude>
    <ClInclude Include="ServerAndClient.h">
      <Filter>Packet\Content</Filter>
    </ClInclude>
    <ClInclude Include="ServerPacketBase.h">
      <Filter>Packet\Content</Filter>
    </ClInclude>
    <ClInclude Include="ServerToClient.h">
      <Filter>Packet\Content</Filter>
    </ClInclude>
    <ClInclude Include="PacketHandlerHeader.h">
      <Filter>ThreadHandler</Filter>
    </ClInclude>
    <ClInclude Include="LoginPacketHandler.h">
      <Filter>ThreadHandler</Filter>
    </ClInclude>
    <ClInclude Include="JoinPacketHandler.h">
      <Filter>ThreadHandler</Filter>
    </ClInclude>
    <ClInclude Include="ChatMessagePacketHandler.h">
      <Filter>ThreadHandler</Filter>
    </ClInclude>
    <ClInclude Include="ContentCore.h">
      <Filter>ContentCore</Filter>
    </ClInclude>
    <ClInclude Include="UserTable.h">
      <Filter>DBTable</Filter>
    </ClInclude>
    <ClInclude Include="PacketType.h">
      <Filter>Packet\Content</Filter>
    </ClInclude>
    <ClInclude Include="PacketHandlerBase.h">
      <Filter>ThreadHandler\PacketHandlerBase</Filter>
    </ClInclude>
    <ClInclude Include="CreateCharacterPacketHandler.h">
      <Filter>ThreadHandler</Filter>
    </ClInclude>
    <ClInclude Include="ContentUserData.h">
      <Filter>ThreadHandler\ContentData</Filter>
    </ClInclude>
    <ClInclude Include="ContentHeader.h">
      <Filter>ThreadHandler\ContentData</Filter>
    </ClInclude>
    <ClInclude Include="ContentStruct.h">
      <Filter>Packet\Content</Filter>
    </ClInclude>
    <ClInclude Include="CharacterTable.h">
      <Filter>DBTable</Filter>
    </ClInclude>
  </ItemGroup>
  <ItemGroup>
    <ClCompile Include="pch.cpp">
      <Filter>pch</Filter>
    </ClCompile>
    <ClCompile Include="PacketConvertor.cpp">
      <Filter>Packet\Base</Filter>
    </ClCompile>
    <ClCompile Include="PacketDispatcher.cpp">
      <Filter>Packet\Base</Filter>
    </ClCompile>
    <ClCompile Include="ServerSerializer.cpp">
      <Filter>Packet\Base</Filter>
    </ClCompile>
    <ClCompile Include="LoginPacketHandler.cpp">
      <Filter>ThreadHandler</Filter>
    </ClCompile>
    <ClCompile Include="JoinPacketHandler.cpp">
      <Filter>ThreadHandler</Filter>
    </ClCompile>
    <ClCompile Include="ChatMessagePacketHandler.cpp">
      <Filter>ThreadHandler</Filter>
    </ClCompile>
    <ClCompile Include="ContentCore.cpp">
      <Filter>ContentCore</Filter>
    </ClCompile>
    <ClCompile Include="UserTable.cpp">
      <Filter>DBTable</Filter>
    </ClCompile>
    <ClCompile Include="PacketHandlerBase.cpp">
      <Filter>ThreadHandler\PacketHandlerBase</Filter>
    </ClCompile>
    <ClCompile Include="CreateCharacterPacketHandler.cpp">
      <Filter>ThreadHandler</Filter>
    </ClCompile>
    <ClCompile Include="ContentUserData.cpp">
      <Filter>ThreadHandler\ContentData</Filter>
    </ClCompile>
    <ClCompile Include="CharacterTable.cpp">
      <Filter>DBTable</Filter>
    </ClCompile>
  </ItemGroup>
  <ItemGroup>
    <Filter Include="pch">
      <UniqueIdentifier>{9187dec3-1682-4147-9601-58d82513fc17}</UniqueIdentifier>
    </Filter>
    <Filter Include="ThreadHandler">
      <UniqueIdentifier>{fa8907d8-326c-4732-a085-ba465a81ded6}</UniqueIdentifier>
    </Filter>
    <Filter Include="Packet">
      <UniqueIdentifier>{f7499793-39b0-43d1-bcb1-c24f88416b06}</UniqueIdentifier>
    </Filter>
    <Filter Include="Packet\Info">
      <UniqueIdentifier>{f32376a4-9340-493c-a0ab-bf568e525cdc}</UniqueIdentifier>
    </Filter>
    <Filter Include="Packet\Content">
      <UniqueIdentifier>{753895b0-4eb0-494e-a4df-2621a17c1795}</UniqueIdentifier>
    </Filter>
    <Filter Include="Packet\Base">
      <UniqueIdentifier>{a5bd641a-8dd4-4b09-a418-a9590f7929c8}</UniqueIdentifier>
    </Filter>
    <Filter Include="ContentCore">
      <UniqueIdentifier>{e14a7a1e-7e23-4ba7-959e-633cbf10f4a8}</UniqueIdentifier>
    </Filter>
    <Filter Include="DBTable">
      <UniqueIdentifier>{474abc16-ea98-48b7-80d9-009212ec956a}</UniqueIdentifier>
    </Filter>
    <Filter Include="ThreadHandler\PacketHandlerBase">
      <UniqueIdentifier>{194aabc5-cfff-4c87-a105-ba228727f4fd}</UniqueIdentifier>
    </Filter>
    <Filter Include="ThreadHandler\ContentData">
      <UniqueIdentifier>{5f034ab5-8837-4ca7-8c4a-cce649117d3a}</UniqueIdentifier>
    </Filter>
  </ItemGroup>
  <ItemGroup>
    <Text Include="PacketInfo\ClientToServer.txt">
      <Filter>Packet\Info</Filter>
    </Text>
    <Text Include="PacketInfo\ServerAndClient.txt">
      <Filter>Packet\Info</Filter>
    </Text>
    <Text Include="PacketInfo\ServerToClient.txt">
      <Filter>Packet\Info</Filter>
    </Text>
  </ItemGroup>
</Project>